
Microsoft Visual Studio Solution File, Format Version 12.00
# Visual Studio Version 17
VisualStudioVersion = 17.8.34322.80
MinimumVisualStudioVersion = 10.0.40219.1
Project("{9A19103F-16F7-4668-BE54-9A1E7A4F7556}") = "BulkyWebApp", "BulkyWebApp\BulkyWebApp.csproj", "{B82C1371-A2FF-45E8-9170-3A9674FE2962}"
EndProject
Project("{9A19103F-16F7-4668-BE54-9A1E7A4F7556}") = "BulkyWebRazorApp", "BulkyWebRazorApp\BulkyWebRazorApp.csproj", "{98D049E9-01E0-4F05-9B08-A386E285488B}"
EndProject
Project("{FAE04EC0-301F-11D3-BF4B-00C04F79EFBC}") = "BulkyDataAccess", "BulkyDataAccess\BulkyDataAccess.csproj", "{622B5FE8-B81E-412D-B9A0-39E0CE32C15C}"
EndProject
Project("{FAE04EC0-301F-11D3-BF4B-00C04F79EFBC}") = "BulkyModels", "BulkyModels\BulkyModels.csproj", "{07F7D2B6-720F-4692-A4F8-43BA62F35C40}"
EndProject
Project("{FAE04EC0-301F-11D3-BF4B-00C04F79EFBC}") = "BulkyUtility", "BulkyUtility\BulkyUtility.csproj", "{DDA54463-E0E7-4B9E-B556-E6646D699A9D}"
EndProject
Global
	GlobalSection(SolutionConfigurationPlatforms) = preSolution
		Debug|Any CPU = Debug|Any CPU
		Release|Any CPU = Release|Any CPU
	EndGlobalSection
	GlobalSection(ProjectConfigurationPlatforms) = postSolution
		{B82C1371-A2FF-45E8-9170-3A9674FE2962}.Debug|Any CPU.ActiveCfg = Debug|Any CPU
		{B82C1371-A2FF-45E8-9170-3A9674FE2962}.Debug|Any CPU.Build.0 = Debug|Any CPU
		{B82C1371-A2FF-45E8-9170-3A9674FE2962}.Release|Any CPU.ActiveCfg = Release|Any CPU
		{B82C1371-A2FF-45E8-9170-3A9674FE2962}.Release|Any CPU.Build.0 = Release|Any CPU
		{98D049E9-01E0-4F05-9B08-A386E285488B}.Debug|Any CPU.ActiveCfg = Debug|Any CPU
		{98D049E9-01E0-4F05-9B08-A386E285488B}.Debug|Any CPU.Build.0 = Debug|Any CPU
		{98D049E9-01E0-4F05-9B08-A386E285488B}.Release|Any CPU.ActiveCfg = Release|Any CPU
		{98D049E9-01E0-4F05-9B08-A386E285488B}.Release|Any CPU.Build.0 = Release|Any CPU
		{622B5FE8-B81E-412D-B9A0-39E0CE32C15C}.Debug|Any CPU.ActiveCfg = Debug|Any CPU
		{622B5FE8-B81E-412D-B9A0-39E0CE32C15C}.Debug|Any CPU.Build.0 = Debug|Any CPU
		{622B5FE8-B81E-412D-B9A0-39E0CE32C15C}.Release|Any CPU.ActiveCfg = Release|Any CPU
		{622B5FE8-B81E-412D-B9A0-39E0CE32C15C}.Release|Any CPU.Build.0 = Release|Any CPU
		{07F7D2B6-720F-4692-A4F8-43BA62F35C40}.Debug|Any CPU.ActiveCfg = Debug|Any CPU
		{07F7D2B6-720F-4692-A4F8-43BA62F35C40}.Debug|Any CPU.Build.0 = Debug|Any CPU
		{07F7D2B6-720F-4692-A4F8-43BA62F35C40}.Release|Any CPU.ActiveCfg = Release|Any CPU
		{07F7D2B6-720F-4692-A4F8-43BA62F35C40}.Release|Any CPU.Build.0 = Release|Any CPU
		{DDA54463-E0E7-4B9E-B556-E6646D699A9D}.Debug|Any CPU.ActiveCfg = Debug|Any CPU
		{DDA54463-E0E7-4B9E-B556-E6646D699A9D}.Debug|Any CPU.Build.0 = Debug|Any CPU
		{DDA54463-E0E7-4B9E-B556-E6646D699A9D}.Release|Any CPU.ActiveCfg = Release|Any CPU
		{DDA54463-E0E7-4B9E-B556-E6646D699A9D}.Release|Any CPU.Build.0 = Release|Any CPU
	EndGlobalSection
	GlobalSection(SolutionProperties) = preSolution
		HideSolutionNode = FALSE
	EndGlobalSection
	GlobalSection(ExtensibilityGlobals) = postSolution
		SolutionGuid = {4F525687-1DDE-4FBB-ABBE-1432FED811D7}
	EndGlobalSection
EndGlobal
